
Microsoft Visual Studio Solution File, Format Version 12.00
# Visual Studio Version 16
VisualStudioVersion = 16.0.32228.343
MinimumVisualStudioVersion = 10.0.40219.1
Project("{FAE04EC0-301F-11D3-BF4B-00C04F79EFBC}") = "BalanceBrackets", "BalanceBrackets.csproj", "{791F0FC5-40C6-4062-B79B-9F4D8A2FFA6A}"
EndProject
Global
	GlobalSection(SolutionConfigurationPlatforms) = preSolution
		Debug|Any CPU = Debug|Any CPU
		Release|Any CPU = Release|Any CPU
	EndGlobalSection
	GlobalSection(ProjectConfigurationPlatforms) = postSolution
		{791F0FC5-40C6-4062-B79B-9F4D8A2FFA6A}.Debug|Any CPU.ActiveCfg = Debug|Any CPU
		{791F0FC5-40C6-4062-B79B-9F4D8A2FFA6A}.Debug|Any CPU.Build.0 = Debug|Any CPU
		{791F0FC5-40C6-4062-B79B-9F4D8A2FFA6A}.Release|Any CPU.ActiveCfg = Release|Any CPU
		{791F0FC5-40C6-4062-B79B-9F4D8A2FFA6A}.Release|Any CPU.Build.0 = Release|Any CPU
	EndGlobalSection
	GlobalSection(SolutionProperties) = preSolution
		HideSolutionNode = FALSE
	EndGlobalSection
	GlobalSection(ExtensibilityGlobals) = postSolution
		SolutionGuid = {F92E77DF-0152-429A-959C-1DCBF0BD2FC8}
	EndGlobalSection
EndGlobal
